
Microsoft Visual Studio Solution File, Format Version 12.00
# Visual Studio 15
VisualStudioVersion = 15.0.28307.168
MinimumVisualStudioVersion = 10.0.40219.1
Project("{FAE04EC0-301F-11D3-BF4B-00C04F79EFBC}") = "Ex05 Othello", "B19 Ex05 Aviv 315529131 Gal 205431141\Ex05 Othello.csproj", "{354D0207-2736-4E70-B0FD-238FDAC225C9}"
EndProject
Project("{2150E333-8FDC-42A3-9474-1A3956D46DE8}") = "Solution Items", "Solution Items", "{1B769E75-CDDE-4E35-A75C-D9CC51649AF7}"
	ProjectSection(SolutionItems) = preProject
		SUBMIT DN HIT B19 Ex05 AvivAzuri 315529131 GalLevy 205431141‏‏.txt = SUBMIT DN HIT B19 Ex05 AvivAzuri 315529131 GalLevy 205431141‏‏.txt
	EndProjectSection
EndProject
Global
	GlobalSection(SolutionConfigurationPlatforms) = preSolution
		Debug|Any CPU = Debug|Any CPU
		Release|Any CPU = Release|Any CPU
	EndGlobalSection
	GlobalSection(ProjectConfigurationPlatforms) = postSolution
		{354D0207-2736-4E70-B0FD-238FDAC225C9}.Debug|Any CPU.ActiveCfg = Debug|Any CPU
		{354D0207-2736-4E70-B0FD-238FDAC225C9}.Debug|Any CPU.Build.0 = Debug|Any CPU
		{354D0207-2736-4E70-B0FD-238FDAC225C9}.Release|Any CPU.ActiveCfg = Release|Any CPU
		{354D0207-2736-4E70-B0FD-238FDAC225C9}.Release|Any CPU.Build.0 = Release|Any CPU
	EndGlobalSection
	GlobalSection(SolutionProperties) = preSolution
		HideSolutionNode = FALSE
	EndGlobalSection
	GlobalSection(ExtensibilityGlobals) = postSolution
		SolutionGuid = {E4F4B30F-8A02-4615-A1D2-14484BD8D375}
	EndGlobalSection
EndGlobal
